
Microsoft Visual Studio Solution File, Format Version 12.00
# Visual Studio 15
VisualStudioVersion = 15.0.28010.2003
MinimumVisualStudioVersion = 10.0.40219.1
Project("{FAE04EC0-301F-11D3-BF4B-00C04F79EFBC}") = "LabStreamLayer-AppTest", "LabStreamLayer-AppTest\LabStreamLayer-AppTest.csproj", "{814D9842-5B54-49DF-8A9B-270B48877CFB}"
EndProject
Project("{FAE04EC0-301F-11D3-BF4B-00C04F79EFBC}") = "LabStreamLayer-RandomSignalSender", "LabStreamLayer-RandomSignalSender\LabStreamLayer-RandomSignalSender.csproj", "{1DBAB296-F403-4EB2-AFED-6C62DA29797A}"
EndProject
Project("{FAE04EC0-301F-11D3-BF4B-00C04F79EFBC}") = "BitalinoRecorder", "BitalinoRecorder\BitalinoRecorder.csproj", "{B16D8483-3186-4929-A667-7E62EAF7435C}"
EndProject
Project("{FAE04EC0-301F-11D3-BF4B-00C04F79EFBC}") = "IntelRealSense-FrameCapture", "IntelRealSense-FrameCapture\IntelRealSense-FrameCapture.csproj", "{D6431248-1CB1-4045-BCB8-470E789CD135}"
EndProject
Project("{FAE04EC0-301F-11D3-BF4B-00C04F79EFBC}") = "SensingTex-PressureMat", "SensingTex-PressureMat\SensingTex-PressureMat.csproj", "{16DBC405-570B-474C-8AC0-8EAA7FBA2E9E}"
EndProject
Global
	GlobalSection(SolutionConfigurationPlatforms) = preSolution
		Debug|Any CPU = Debug|Any CPU
		Debug|x64 = Debug|x64
		Debug|x86 = Debug|x86
		Release|Any CPU = Release|Any CPU
		Release|x64 = Release|x64
		Release|x86 = Release|x86
	EndGlobalSection
	GlobalSection(ProjectConfigurationPlatforms) = postSolution
		{814D9842-5B54-49DF-8A9B-270B48877CFB}.Debug|Any CPU.ActiveCfg = Debug|Any CPU
		{814D9842-5B54-49DF-8A9B-270B48877CFB}.Debug|Any CPU.Build.0 = Debug|Any CPU
		{814D9842-5B54-49DF-8A9B-270B48877CFB}.Debug|x64.ActiveCfg = Debug|x64
		{814D9842-5B54-49DF-8A9B-270B48877CFB}.Debug|x64.Build.0 = Debug|x64
		{814D9842-5B54-49DF-8A9B-270B48877CFB}.Debug|x86.ActiveCfg = Debug|x86
		{814D9842-5B54-49DF-8A9B-270B48877CFB}.Debug|x86.Build.0 = Debug|x86
		{814D9842-5B54-49DF-8A9B-270B48877CFB}.Release|Any CPU.ActiveCfg = Release|Any CPU
		{814D9842-5B54-49DF-8A9B-270B48877CFB}.Release|Any CPU.Build.0 = Release|Any CPU
		{814D9842-5B54-49DF-8A9B-270B48877CFB}.Release|x64.ActiveCfg = Release|x64
		{814D9842-5B54-49DF-8A9B-270B48877CFB}.Release|x64.Build.0 = Release|x64
		{814D9842-5B54-49DF-8A9B-270B48877CFB}.Release|x86.ActiveCfg = Release|x86
		{814D9842-5B54-49DF-8A9B-270B48877CFB}.Release|x86.Build.0 = Release|x86
		{1DBAB296-F403-4EB2-AFED-6C62DA29797A}.Debug|Any CPU.ActiveCfg = Debug|Any CPU
		{1DBAB296-F403-4EB2-AFED-6C62DA29797A}.Debug|Any CPU.Build.0 = Debug|Any CPU
		{1DBAB296-F403-4EB2-AFED-6C62DA29797A}.Debug|x64.ActiveCfg = Debug|x64
		{1DBAB296-F403-4EB2-AFED-6C62DA29797A}.Debug|x64.Build.0 = Debug|x64
		{1DBAB296-F403-4EB2-AFED-6C62DA29797A}.Debug|x86.ActiveCfg = Debug|Any CPU
		{1DBAB296-F403-4EB2-AFED-6C62DA29797A}.Debug|x86.Build.0 = Debug|Any CPU
		{1DBAB296-F403-4EB2-AFED-6C62DA29797A}.Release|Any CPU.ActiveCfg = Release|Any CPU
		{1DBAB296-F403-4EB2-AFED-6C62DA29797A}.Release|Any CPU.Build.0 = Release|Any CPU
		{1DBAB296-F403-4EB2-AFED-6C62DA29797A}.Release|x64.ActiveCfg = Release|Any CPU
		{1DBAB296-F403-4EB2-AFED-6C62DA29797A}.Release|x64.Build.0 = Release|Any CPU
		{1DBAB296-F403-4EB2-AFED-6C62DA29797A}.Release|x86.ActiveCfg = Release|Any CPU
		{1DBAB296-F403-4EB2-AFED-6C62DA29797A}.Release|x86.Build.0 = Release|Any CPU
		{B16D8483-3186-4929-A667-7E62EAF7435C}.Debug|Any CPU.ActiveCfg = Debug|Any CPU
		{B16D8483-3186-4929-A667-7E62EAF7435C}.Debug|Any CPU.Build.0 = Debug|Any CPU
		{B16D8483-3186-4929-A667-7E62EAF7435C}.Debug|x64.ActiveCfg = Debug|x64
		{B16D8483-3186-4929-A667-7E62EAF7435C}.Debug|x64.Build.0 = Debug|x64
		{B16D8483-3186-4929-A667-7E62EAF7435C}.Debug|x86.ActiveCfg = Debug|Any CPU
		{B16D8483-3186-4929-A667-7E62EAF7435C}.Debug|x86.Build.0 = Debug|Any CPU
		{B16D8483-3186-4929-A667-7E62EAF7435C}.Release|Any CPU.ActiveCfg = Release|Any CPU
		{B16D8483-3186-4929-A667-7E62EAF7435C}.Release|Any CPU.Build.0 = Release|Any CPU
		{B16D8483-3186-4929-A667-7E62EAF7435C}.Release|x64.ActiveCfg = Release|Any CPU
		{B16D8483-3186-4929-A667-7E62EAF7435C}.Release|x64.Build.0 = Release|Any CPU
		{B16D8483-3186-4929-A667-7E62EAF7435C}.Release|x86.ActiveCfg = Release|Any CPU
		{B16D8483-3186-4929-A667-7E62EAF7435C}.Release|x86.Build.0 = Release|Any CPU
		{D6431248-1CB1-4045-BCB8-470E789CD135}.Debug|Any CPU.ActiveCfg = Debug|Any CPU
		{D6431248-1CB1-4045-BCB8-470E789CD135}.Debug|Any CPU.Build.0 = Debug|Any CPU
		{D6431248-1CB1-4045-BCB8-470E789CD135}.Debug|x64.ActiveCfg = Debug|x64
		{D6431248-1CB1-4045-BCB8-470E789CD135}.Debug|x64.Build.0 = Debug|x64
		{D6431248-1CB1-4045-BCB8-470E789CD135}.Debug|x86.ActiveCfg = Debug|Any CPU
		{D6431248-1CB1-4045-BCB8-470E789CD135}.Debug|x86.Build.0 = Debug|Any CPU
		{D6431248-1CB1-4045-BCB8-470E789CD135}.Release|Any CPU.ActiveCfg = Release|Any CPU
		{D6431248-1CB1-4045-BCB8-470E789CD135}.Release|Any CPU.Build.0 = Release|Any CPU
		{D6431248-1CB1-4045-BCB8-470E789CD135}.Release|x64.ActiveCfg = Release|Any CPU
		{D6431248-1CB1-4045-BCB8-470E789CD135}.Release|x64.Build.0 = Release|Any CPU
		{D6431248-1CB1-4045-BCB8-470E789CD135}.Release|x86.ActiveCfg = Release|Any CPU
		{D6431248-1CB1-4045-BCB8-470E789CD135}.Release|x86.Build.0 = Release|Any CPU
		{16DBC405-570B-474C-8AC0-8EAA7FBA2E9E}.Debug|Any CPU.ActiveCfg = Debug|Any CPU
		{16DBC405-570B-474C-8AC0-8EAA7FBA2E9E}.Debug|Any CPU.Build.0 = Debug|Any CPU
		{16DBC405-570B-474C-8AC0-8EAA7FBA2E9E}.Debug|x64.ActiveCfg = Debug|x64
		{16DBC405-570B-474C-8AC0-8EAA7FBA2E9E}.Debug|x64.Build.0 = Debug|x64
		{16DBC405-570B-474C-8AC0-8EAA7FBA2E9E}.Debug|x86.ActiveCfg = Debug|Any CPU
		{16DBC405-570B-474C-8AC0-8EAA7FBA2E9E}.Debug|x86.Build.0 = Debug|Any CPU
		{16DBC405-570B-474C-8AC0-8EAA7FBA2E9E}.Release|Any CPU.ActiveCfg = Release|Any CPU
		{16DBC405-570B-474C-8AC0-8EAA7FBA2E9E}.Release|Any CPU.Build.0 = Release|Any CPU
		{16DBC405-570B-474C-8AC0-8EAA7FBA2E9E}.Release|x64.ActiveCfg = Release|Any CPU
		{16DBC405-570B-474C-8AC0-8EAA7FBA2E9E}.Release|x64.Build.0 = Release|Any CPU
		{16DBC405-570B-474C-8AC0-8EAA7FBA2E9E}.Release|x86.ActiveCfg = Release|Any CPU
		{16DBC405-570B-474C-8AC0-8EAA7FBA2E9E}.Release|x86.Build.0 = Release|Any CPU
	EndGlobalSection
	GlobalSection(SolutionProperties) = preSolution
		HideSolutionNode = FALSE
	EndGlobalSection
	GlobalSection(ExtensibilityGlobals) = postSolution
		SolutionGuid = {894B924B-1A95-47F2-8705-6AE33AC8C521}
	EndGlobalSection
EndGlobal
